# THIS IS AN AUTOGENERATED FILE. DO NOT EDIT THIS FILE DIRECTLY.
# yarn lockfile v1


"@hapi/hoek@^9.0.0":
  version "9.2.0"
  resolved "https://registry.yarnpkg.com/@hapi/hoek/-/hoek-9.2.0.tgz#f3933a44e365864f4dad5db94158106d511e8131"
  integrity sha512-sqKVVVOe5ivCaXDWivIJYVSaEgdQK9ul7a4Kity5Iw7u9+wBAPbX1RMSnLLmp7O4Vzj0WOWwMAJsTL00xwaNug==

"@hapi/topo@^5.0.0":
  version "5.1.0"
  resolved "https://registry.yarnpkg.com/@hapi/topo/-/topo-5.1.0.tgz#dc448e332c6c6e37a4dc02fd84ba8d44b9afb012"
  integrity sha512-foQZKJig7Ob0BMAYBfcJk8d77QtOe7Wo4ox7ff1lQYoNNAb6jwcY1ncdoy2e9wQZzvNy7ODZCYJkK8kzmcAnAg==
  dependencies:
    "@hapi/hoek" "^9.0.0"

"@sideway/address@^4.1.0":
  version "4.1.2"
  resolved "https://registry.yarnpkg.com/@sideway/address/-/address-4.1.2.tgz#811b84333a335739d3969cfc434736268170cad1"
  integrity sha512-idTz8ibqWFrPU8kMirL0CoPH/A29XOzzAzpyN3zQ4kAWnzmNfFmRaoMNN6VI8ske5M73HZyhIaW4OuSFIdM4oA==
  dependencies:
    "@hapi/hoek" "^9.0.0"

"@sideway/formula@^3.0.0":
  version "3.0.0"
  resolved "https://registry.yarnpkg.com/@sideway/formula/-/formula-3.0.0.tgz#fe158aee32e6bd5de85044be615bc08478a0a13c"
  integrity sha512-vHe7wZ4NOXVfkoRb8T5otiENVlT7a3IAiw7H5M2+GO+9CDgcVUUsX1zalAztCmwyOr2RUTGJdgB+ZvSVqmdHmg==

"@sideway/pinpoint@^2.0.0":
  version "2.0.0"
  resolved "https://registry.yarnpkg.com/@sideway/pinpoint/-/pinpoint-2.0.0.tgz#cff8ffadc372ad29fd3f78277aeb29e632cc70df"
  integrity sha512-RNiOoTPkptFtSVzQevY/yWtZwf/RxyVnPy/OcA9HBM3MlGDnBEYL5B41H0MTn0Uec8Hi+2qUtTfG2WWZBmMejQ==

"@types/joi@^17.2.3":
  version "17.2.3"
  resolved "https://registry.yarnpkg.com/@types/joi/-/joi-17.2.3.tgz#b7768ed9d84f1ebd393328b9f97c1cf3d2b94798"
  integrity sha512-dGjs/lhrWOa+eO0HwgxCSnDm5eMGCsXuvLglMghJq32F6q5LyyNuXb41DHzrg501CKNOSSAHmfB7FDGeUnDmzw==
  dependencies:
    joi "*"

celebrate@^15.0.0:
  version "15.0.0"
  resolved "https://registry.yarnpkg.com/celebrate/-/celebrate-15.0.0.tgz#2651237146ea03600d0d1244478782c06270d243"
  integrity sha512-eGA5CHv5GYbV6ZaBEYKIST+7OUsHZKcyiNdagdVDu6uO1QK2i2qLrS9XWdJ1pWPuw9M0D7B1rUFQqIld1nNcMA==
  dependencies:
    escape-html "1.0.3"
    joi "17.x.x"
    lodash "4.17.x"

escape-html@1.0.3:
  version "1.0.3"
  resolved "https://registry.yarnpkg.com/escape-html/-/escape-html-1.0.3.tgz#0258eae4d3d0c0974de1c169188ef0051d1d1988"
  integrity sha1-Aljq5NPQwJdN4cFpGI7wBR0dGYg=

joi@*, joi@17.x.x:
  version "17.4.1"
  resolved "https://registry.yarnpkg.com/joi/-/joi-17.4.1.tgz#15d2f23c8cbe4d1baded2dd190c58f8dbe11cca0"
  integrity sha512-gDPOwQ5sr+BUxXuPDGrC1pSNcVR/yGGcTI0aCnjYxZEa3za60K/iCQ+OFIkEHWZGVCUcUlXlFKvMmrlmxrG6UQ==
  dependencies:
    "@hapi/hoek" "^9.0.0"
    "@hapi/topo" "^5.0.0"
    "@sideway/address" "^4.1.0"
    "@sideway/formula" "^3.0.0"
    "@sideway/pinpoint" "^2.0.0"

lodash@4.17.x:
  version "4.17.21"
  resolved "https://registry.yarnpkg.com/lodash/-/lodash-4.17.21.tgz#679591c564c3bffaae8454cf0b3df370c3d6911c"
  integrity sha512-v2kDEe57lecTulaDIuNTPy3Ry4gLGJ6Z1O3vE1krgXZNrsQ+LFTGHVxVjcXPs17LhbZVGedAJv8XZ1tvj5FvSg==
